
Microsoft Visual Studio Solution File, Format Version 12.00
# Visual Studio 15
VisualStudioVersion = 15.0.26124.0
MinimumVisualStudioVersion = 15.0.26124.0
Project("{2150E333-8FDC-42A3-9474-1A3956D46DE8}") = "src", "src", "{C41D6DD6-FB98-48D5-B334-C9C9D50D8F3F}"
EndProject
Project("{FAE04EC0-301F-11D3-BF4B-00C04F79EFBC}") = "WebSite", "src\WebSite\WebSite.csproj", "{8B17ADB2-E00C-43A9-9BA0-A10978E2213D}"
EndProject
Project("{FAE04EC0-301F-11D3-BF4B-00C04F79EFBC}") = "Core", "src\Core\Core.csproj", "{9AF283A4-E497-4060-93D7-EA8153F1C2E7}"
EndProject
Project("{FAE04EC0-301F-11D3-BF4B-00C04F79EFBC}") = "Infra", "src\Infra\Infra.csproj", "{77718F5D-8674-42A6-8C47-E11A2A5934D7}"
EndProject
Project("{2150E333-8FDC-42A3-9474-1A3956D46DE8}") = "test", "test", "{8F7DB972-0E88-4E21-BF2E-64F5D91A113A}"
EndProject
Project("{FAE04EC0-301F-11D3-BF4B-00C04F79EFBC}") = "U2U.AspNetCore.ScreenPlay", "test\U2U.AspNetCore.ScreenPlay\U2U.AspNetCore.ScreenPlay.csproj", "{05DF2560-C2E0-4027-BFB9-C9DDF9320CD3}"
EndProject
Project("{FAE04EC0-301F-11D3-BF4B-00C04F79EFBC}") = "U2U.AspNetCore.ScreenPlay.Abstractions", "test\U2U.AspNetCore.ScreenPlay.Abstractions\U2U.AspNetCore.ScreenPlay.Abstractions.csproj", "{E30EC306-8D0C-4852-A1D3-09D5D67E1641}"
EndProject
Project("{FAE04EC0-301F-11D3-BF4B-00C04F79EFBC}") = "U2U.AspNetCore.ScreenPlay.Identity", "test\U2U.AspNetCore.ScreenPlay.Identity\U2U.AspNetCore.ScreenPlay.Identity.csproj", "{3A2A8CB6-8985-45CD-9AB5-7AC32511A7C1}"
EndProject
Project("{FAE04EC0-301F-11D3-BF4B-00C04F79EFBC}") = "U2U.AspNetCore.ScreenPlay.Tests", "test\U2U.AspNetCore.ScreenPlay.Tests\U2U.AspNetCore.ScreenPlay.Tests.csproj", "{5F3ED306-447C-4EEB-B55D-C83F60DDFF0F}"
EndProject
Project("{FAE04EC0-301F-11D3-BF4B-00C04F79EFBC}") = "DSL_Tests", "test\DSL_Tests\DSL_Tests.csproj", "{1D6FF0D6-2350-4436-8FD7-1C5E7C19F32E}"
EndProject
Global
	GlobalSection(SolutionConfigurationPlatforms) = preSolution
		Debug|Any CPU = Debug|Any CPU
		Debug|x64 = Debug|x64
		Debug|x86 = Debug|x86
		Release|Any CPU = Release|Any CPU
		Release|x64 = Release|x64
		Release|x86 = Release|x86
	EndGlobalSection
	GlobalSection(SolutionProperties) = preSolution
		HideSolutionNode = FALSE
	EndGlobalSection
	GlobalSection(ProjectConfigurationPlatforms) = postSolution
		{8B17ADB2-E00C-43A9-9BA0-A10978E2213D}.Debug|Any CPU.ActiveCfg = Debug|Any CPU
		{8B17ADB2-E00C-43A9-9BA0-A10978E2213D}.Debug|Any CPU.Build.0 = Debug|Any CPU
		{8B17ADB2-E00C-43A9-9BA0-A10978E2213D}.Debug|x64.ActiveCfg = Debug|x64
		{8B17ADB2-E00C-43A9-9BA0-A10978E2213D}.Debug|x64.Build.0 = Debug|x64
		{8B17ADB2-E00C-43A9-9BA0-A10978E2213D}.Debug|x86.ActiveCfg = Debug|x86
		{8B17ADB2-E00C-43A9-9BA0-A10978E2213D}.Debug|x86.Build.0 = Debug|x86
		{8B17ADB2-E00C-43A9-9BA0-A10978E2213D}.Release|Any CPU.ActiveCfg = Release|Any CPU
		{8B17ADB2-E00C-43A9-9BA0-A10978E2213D}.Release|Any CPU.Build.0 = Release|Any CPU
		{8B17ADB2-E00C-43A9-9BA0-A10978E2213D}.Release|x64.ActiveCfg = Release|x64
		{8B17ADB2-E00C-43A9-9BA0-A10978E2213D}.Release|x64.Build.0 = Release|x64
		{8B17ADB2-E00C-43A9-9BA0-A10978E2213D}.Release|x86.ActiveCfg = Release|x86
		{8B17ADB2-E00C-43A9-9BA0-A10978E2213D}.Release|x86.Build.0 = Release|x86
		{9AF283A4-E497-4060-93D7-EA8153F1C2E7}.Debug|Any CPU.ActiveCfg = Debug|Any CPU
		{9AF283A4-E497-4060-93D7-EA8153F1C2E7}.Debug|Any CPU.Build.0 = Debug|Any CPU
		{9AF283A4-E497-4060-93D7-EA8153F1C2E7}.Debug|x64.ActiveCfg = Debug|x64
		{9AF283A4-E497-4060-93D7-EA8153F1C2E7}.Debug|x64.Build.0 = Debug|x64
		{9AF283A4-E497-4060-93D7-EA8153F1C2E7}.Debug|x86.ActiveCfg = Debug|x86
		{9AF283A4-E497-4060-93D7-EA8153F1C2E7}.Debug|x86.Build.0 = Debug|x86
		{9AF283A4-E497-4060-93D7-EA8153F1C2E7}.Release|Any CPU.ActiveCfg = Release|Any CPU
		{9AF283A4-E497-4060-93D7-EA8153F1C2E7}.Release|Any CPU.Build.0 = Release|Any CPU
		{9AF283A4-E497-4060-93D7-EA8153F1C2E7}.Release|x64.ActiveCfg = Release|x64
		{9AF283A4-E497-4060-93D7-EA8153F1C2E7}.Release|x64.Build.0 = Release|x64
		{9AF283A4-E497-4060-93D7-EA8153F1C2E7}.Release|x86.ActiveCfg = Release|x86
		{9AF283A4-E497-4060-93D7-EA8153F1C2E7}.Release|x86.Build.0 = Release|x86
		{77718F5D-8674-42A6-8C47-E11A2A5934D7}.Debug|Any CPU.ActiveCfg = Debug|Any CPU
		{77718F5D-8674-42A6-8C47-E11A2A5934D7}.Debug|Any CPU.Build.0 = Debug|Any CPU
		{77718F5D-8674-42A6-8C47-E11A2A5934D7}.Debug|x64.ActiveCfg = Debug|x64
		{77718F5D-8674-42A6-8C47-E11A2A5934D7}.Debug|x64.Build.0 = Debug|x64
		{77718F5D-8674-42A6-8C47-E11A2A5934D7}.Debug|x86.ActiveCfg = Debug|x86
		{77718F5D-8674-42A6-8C47-E11A2A5934D7}.Debug|x86.Build.0 = Debug|x86
		{77718F5D-8674-42A6-8C47-E11A2A5934D7}.Release|Any CPU.ActiveCfg = Release|Any CPU
		{77718F5D-8674-42A6-8C47-E11A2A5934D7}.Release|Any CPU.Build.0 = Release|Any CPU
		{77718F5D-8674-42A6-8C47-E11A2A5934D7}.Release|x64.ActiveCfg = Release|x64
		{77718F5D-8674-42A6-8C47-E11A2A5934D7}.Release|x64.Build.0 = Release|x64
		{77718F5D-8674-42A6-8C47-E11A2A5934D7}.Release|x86.ActiveCfg = Release|x86
		{77718F5D-8674-42A6-8C47-E11A2A5934D7}.Release|x86.Build.0 = Release|x86
		{05DF2560-C2E0-4027-BFB9-C9DDF9320CD3}.Debug|Any CPU.ActiveCfg = Debug|Any CPU
		{05DF2560-C2E0-4027-BFB9-C9DDF9320CD3}.Debug|Any CPU.Build.0 = Debug|Any CPU
		{05DF2560-C2E0-4027-BFB9-C9DDF9320CD3}.Debug|x64.ActiveCfg = Debug|x64
		{05DF2560-C2E0-4027-BFB9-C9DDF9320CD3}.Debug|x64.Build.0 = Debug|x64
		{05DF2560-C2E0-4027-BFB9-C9DDF9320CD3}.Debug|x86.ActiveCfg = Debug|x86
		{05DF2560-C2E0-4027-BFB9-C9DDF9320CD3}.Debug|x86.Build.0 = Debug|x86
		{05DF2560-C2E0-4027-BFB9-C9DDF9320CD3}.Release|Any CPU.ActiveCfg = Release|Any CPU
		{05DF2560-C2E0-4027-BFB9-C9DDF9320CD3}.Release|Any CPU.Build.0 = Release|Any CPU
		{05DF2560-C2E0-4027-BFB9-C9DDF9320CD3}.Release|x64.ActiveCfg = Release|x64
		{05DF2560-C2E0-4027-BFB9-C9DDF9320CD3}.Release|x64.Build.0 = Release|x64
		{05DF2560-C2E0-4027-BFB9-C9DDF9320CD3}.Release|x86.ActiveCfg = Release|x86
		{05DF2560-C2E0-4027-BFB9-C9DDF9320CD3}.Release|x86.Build.0 = Release|x86
		{E30EC306-8D0C-4852-A1D3-09D5D67E1641}.Debug|Any CPU.ActiveCfg = Debug|Any CPU
		{E30EC306-8D0C-4852-A1D3-09D5D67E1641}.Debug|Any CPU.Build.0 = Debug|Any CPU
		{E30EC306-8D0C-4852-A1D3-09D5D67E1641}.Debug|x64.ActiveCfg = Debug|x64
		{E30EC306-8D0C-4852-A1D3-09D5D67E1641}.Debug|x64.Build.0 = Debug|x64
		{E30EC306-8D0C-4852-A1D3-09D5D67E1641}.Debug|x86.ActiveCfg = Debug|x86
		{E30EC306-8D0C-4852-A1D3-09D5D67E1641}.Debug|x86.Build.0 = Debug|x86
		{E30EC306-8D0C-4852-A1D3-09D5D67E1641}.Release|Any CPU.ActiveCfg = Release|Any CPU
		{E30EC306-8D0C-4852-A1D3-09D5D67E1641}.Release|Any CPU.Build.0 = Release|Any CPU
		{E30EC306-8D0C-4852-A1D3-09D5D67E1641}.Release|x64.ActiveCfg = Release|x64
		{E30EC306-8D0C-4852-A1D3-09D5D67E1641}.Release|x64.Build.0 = Release|x64
		{E30EC306-8D0C-4852-A1D3-09D5D67E1641}.Release|x86.ActiveCfg = Release|x86
		{E30EC306-8D0C-4852-A1D3-09D5D67E1641}.Release|x86.Build.0 = Release|x86
		{3A2A8CB6-8985-45CD-9AB5-7AC32511A7C1}.Debug|Any CPU.ActiveCfg = Debug|Any CPU
		{3A2A8CB6-8985-45CD-9AB5-7AC32511A7C1}.Debug|Any CPU.Build.0 = Debug|Any CPU
		{3A2A8CB6-8985-45CD-9AB5-7AC32511A7C1}.Debug|x64.ActiveCfg = Debug|x64
		{3A2A8CB6-8985-45CD-9AB5-7AC32511A7C1}.Debug|x64.Build.0 = Debug|x64
		{3A2A8CB6-8985-45CD-9AB5-7AC32511A7C1}.Debug|x86.ActiveCfg = Debug|x86
		{3A2A8CB6-8985-45CD-9AB5-7AC32511A7C1}.Debug|x86.Build.0 = Debug|x86
		{3A2A8CB6-8985-45CD-9AB5-7AC32511A7C1}.Release|Any CPU.ActiveCfg = Release|Any CPU
		{3A2A8CB6-8985-45CD-9AB5-7AC32511A7C1}.Release|Any CPU.Build.0 = Release|Any CPU
		{3A2A8CB6-8985-45CD-9AB5-7AC32511A7C1}.Release|x64.ActiveCfg = Release|x64
		{3A2A8CB6-8985-45CD-9AB5-7AC32511A7C1}.Release|x64.Build.0 = Release|x64
		{3A2A8CB6-8985-45CD-9AB5-7AC32511A7C1}.Release|x86.ActiveCfg = Release|x86
		{3A2A8CB6-8985-45CD-9AB5-7AC32511A7C1}.Release|x86.Build.0 = Release|x86
		{5F3ED306-447C-4EEB-B55D-C83F60DDFF0F}.Debug|Any CPU.ActiveCfg = Debug|Any CPU
		{5F3ED306-447C-4EEB-B55D-C83F60DDFF0F}.Debug|Any CPU.Build.0 = Debug|Any CPU
		{5F3ED306-447C-4EEB-B55D-C83F60DDFF0F}.Debug|x64.ActiveCfg = Debug|x64
		{5F3ED306-447C-4EEB-B55D-C83F60DDFF0F}.Debug|x64.Build.0 = Debug|x64
		{5F3ED306-447C-4EEB-B55D-C83F60DDFF0F}.Debug|x86.ActiveCfg = Debug|x86
		{5F3ED306-447C-4EEB-B55D-C83F60DDFF0F}.Debug|x86.Build.0 = Debug|x86
		{5F3ED306-447C-4EEB-B55D-C83F60DDFF0F}.Release|Any CPU.ActiveCfg = Release|Any CPU
		{5F3ED306-447C-4EEB-B55D-C83F60DDFF0F}.Release|Any CPU.Build.0 = Release|Any CPU
		{5F3ED306-447C-4EEB-B55D-C83F60DDFF0F}.Release|x64.ActiveCfg = Release|x64
		{5F3ED306-447C-4EEB-B55D-C83F60DDFF0F}.Release|x64.Build.0 = Release|x64
		{5F3ED306-447C-4EEB-B55D-C83F60DDFF0F}.Release|x86.ActiveCfg = Release|x86
		{5F3ED306-447C-4EEB-B55D-C83F60DDFF0F}.Release|x86.Build.0 = Release|x86
		{1D6FF0D6-2350-4436-8FD7-1C5E7C19F32E}.Debug|Any CPU.ActiveCfg = Debug|Any CPU
		{1D6FF0D6-2350-4436-8FD7-1C5E7C19F32E}.Debug|Any CPU.Build.0 = Debug|Any CPU
		{1D6FF0D6-2350-4436-8FD7-1C5E7C19F32E}.Debug|x64.ActiveCfg = Debug|x64
		{1D6FF0D6-2350-4436-8FD7-1C5E7C19F32E}.Debug|x64.Build.0 = Debug|x64
		{1D6FF0D6-2350-4436-8FD7-1C5E7C19F32E}.Debug|x86.ActiveCfg = Debug|x86
		{1D6FF0D6-2350-4436-8FD7-1C5E7C19F32E}.Debug|x86.Build.0 = Debug|x86
		{1D6FF0D6-2350-4436-8FD7-1C5E7C19F32E}.Release|Any CPU.ActiveCfg = Release|Any CPU
		{1D6FF0D6-2350-4436-8FD7-1C5E7C19F32E}.Release|Any CPU.Build.0 = Release|Any CPU
		{1D6FF0D6-2350-4436-8FD7-1C5E7C19F32E}.Release|x64.ActiveCfg = Release|x64
		{1D6FF0D6-2350-4436-8FD7-1C5E7C19F32E}.Release|x64.Build.0 = Release|x64
		{1D6FF0D6-2350-4436-8FD7-1C5E7C19F32E}.Release|x86.ActiveCfg = Release|x86
		{1D6FF0D6-2350-4436-8FD7-1C5E7C19F32E}.Release|x86.Build.0 = Release|x86
	EndGlobalSection
	GlobalSection(NestedProjects) = preSolution
		{8B17ADB2-E00C-43A9-9BA0-A10978E2213D} = {C41D6DD6-FB98-48D5-B334-C9C9D50D8F3F}
		{9AF283A4-E497-4060-93D7-EA8153F1C2E7} = {C41D6DD6-FB98-48D5-B334-C9C9D50D8F3F}
		{77718F5D-8674-42A6-8C47-E11A2A5934D7} = {C41D6DD6-FB98-48D5-B334-C9C9D50D8F3F}
		{05DF2560-C2E0-4027-BFB9-C9DDF9320CD3} = {8F7DB972-0E88-4E21-BF2E-64F5D91A113A}
		{E30EC306-8D0C-4852-A1D3-09D5D67E1641} = {8F7DB972-0E88-4E21-BF2E-64F5D91A113A}
		{3A2A8CB6-8985-45CD-9AB5-7AC32511A7C1} = {8F7DB972-0E88-4E21-BF2E-64F5D91A113A}
		{5F3ED306-447C-4EEB-B55D-C83F60DDFF0F} = {8F7DB972-0E88-4E21-BF2E-64F5D91A113A}
		{1D6FF0D6-2350-4436-8FD7-1C5E7C19F32E} = {8F7DB972-0E88-4E21-BF2E-64F5D91A113A}
	EndGlobalSection
EndGlobal
